
Microsoft Visual Studio Solution File, Format Version 12.00
# Visual Studio Version 17
VisualStudioVersion = 17.5.33530.505
MinimumVisualStudioVersion = 10.0.40219.1
Project("{9A19103F-16F7-4668-BE54-9A1E7A4F7556}") = "MineCosmos.Bot", "MineCosmos.Bot.csproj", "{25A854EB-4A32-47CF-83BD-2A87E490824A}"
EndProject
Project("{9A19103F-16F7-4668-BE54-9A1E7A4F7556}") = "MineCosmos.Bot.Service", "..\MineCosmos.Bot.Service\MineCosmos.Bot.Service.csproj", "{08E2EFCD-ECE6-4245-8179-FFA618277FB6}"
EndProject
Project("{9A19103F-16F7-4668-BE54-9A1E7A4F7556}") = "MineCosmos.Bot.Entity", "..\MineCosmos.Bot.Entity\MineCosmos.Bot.Entity.csproj", "{3C946A47-4C7C-4046-B756-2281DB5BF6A1}"
EndProject
Project("{2150E333-8FDC-42A3-9474-1A3956D46DE8}") = "Solution Items", "Solution Items", "{B18E952D-4E0F-4460-A69F-506438754B92}"
	ProjectSection(SolutionItems) = preProject
		.editorconfig = .editorconfig
	EndProjectSection
EndProject
Project("{9A19103F-16F7-4668-BE54-9A1E7A4F7556}") = "MineCosmos.Common", "..\MineCosmos.Common\MineCosmos.Common.csproj", "{D251DD0C-BB0E-4C57-8BCF-4537A03CAD4B}"
EndProject
Project("{2150E333-8FDC-42A3-9474-1A3956D46DE8}") = "测试", "测试", "{AE46983B-18E8-4C07-8857-BE633A29C008}"
EndProject
Project("{9A19103F-16F7-4668-BE54-9A1E7A4F7556}") = "ConsoleApp1", "..\ConsoleApp1\ConsoleApp1.csproj", "{44AF7A1F-A38B-4FD4-B0C0-8E5F3F302E0F}"
EndProject
Project("{9A19103F-16F7-4668-BE54-9A1E7A4F7556}") = "dotnet5Test", "..\dotnet5Test\dotnet5Test.csproj", "{6331B959-3D06-4C51-A493-1CC029F54C1F}"
EndProject
Project("{9A19103F-16F7-4668-BE54-9A1E7A4F7556}") = "MineCosmos.Bot.BlazorApp.Server", "..\MineCosmos.Bot.BlazorApp\MineCosmos.Bot.BlazorApp.Server\MineCosmos.Bot.BlazorApp.Server.csproj", "{D3BF6841-827B-406D-819A-92729DE7CE21}"
EndProject
Project("{9A19103F-16F7-4668-BE54-9A1E7A4F7556}") = "MineCosmos.Bot.BlazorApp.Shared", "..\MineCosmos.Bot.BlazorApp\MineCosmos.Bot.BlazorApp.Shared\MineCosmos.Bot.BlazorApp.Shared.csproj", "{C3F4461F-5AD7-4DF8-B7E1-1C08BD94B43E}"
EndProject
Project("{9A19103F-16F7-4668-BE54-9A1E7A4F7556}") = "MineCosmos.Bot.Extensions", "..\MineCosmos.Bot.Extensions\MineCosmos.Bot.Extensions.csproj", "{4ED64FEE-8ECE-4F0F-8D0B-1FDD0EE6CF98}"
EndProject
Project("{2150E333-8FDC-42A3-9474-1A3956D46DE8}") = "Blazor", "Blazor", "{9F18884E-9A4F-419F-9AA7-9CE5CCF5DB23}"
EndProject
Global
	GlobalSection(SolutionConfigurationPlatforms) = preSolution
		Debug|Any CPU = Debug|Any CPU
		Release|Any CPU = Release|Any CPU
	EndGlobalSection
	GlobalSection(ProjectConfigurationPlatforms) = postSolution
		{25A854EB-4A32-47CF-83BD-2A87E490824A}.Debug|Any CPU.ActiveCfg = Debug|Any CPU
		{25A854EB-4A32-47CF-83BD-2A87E490824A}.Debug|Any CPU.Build.0 = Debug|Any CPU
		{25A854EB-4A32-47CF-83BD-2A87E490824A}.Release|Any CPU.ActiveCfg = Release|Any CPU
		{25A854EB-4A32-47CF-83BD-2A87E490824A}.Release|Any CPU.Build.0 = Release|Any CPU
		{08E2EFCD-ECE6-4245-8179-FFA618277FB6}.Debug|Any CPU.ActiveCfg = Debug|Any CPU
		{08E2EFCD-ECE6-4245-8179-FFA618277FB6}.Debug|Any CPU.Build.0 = Debug|Any CPU
		{08E2EFCD-ECE6-4245-8179-FFA618277FB6}.Release|Any CPU.ActiveCfg = Release|Any CPU
		{08E2EFCD-ECE6-4245-8179-FFA618277FB6}.Release|Any CPU.Build.0 = Release|Any CPU
		{3C946A47-4C7C-4046-B756-2281DB5BF6A1}.Debug|Any CPU.ActiveCfg = Debug|Any CPU
		{3C946A47-4C7C-4046-B756-2281DB5BF6A1}.Debug|Any CPU.Build.0 = Debug|Any CPU
		{3C946A47-4C7C-4046-B756-2281DB5BF6A1}.Release|Any CPU.ActiveCfg = Release|Any CPU
		{3C946A47-4C7C-4046-B756-2281DB5BF6A1}.Release|Any CPU.Build.0 = Release|Any CPU
		{D251DD0C-BB0E-4C57-8BCF-4537A03CAD4B}.Debug|Any CPU.ActiveCfg = Debug|Any CPU
		{D251DD0C-BB0E-4C57-8BCF-4537A03CAD4B}.Debug|Any CPU.Build.0 = Debug|Any CPU
		{D251DD0C-BB0E-4C57-8BCF-4537A03CAD4B}.Release|Any CPU.ActiveCfg = Release|Any CPU
		{D251DD0C-BB0E-4C57-8BCF-4537A03CAD4B}.Release|Any CPU.Build.0 = Release|Any CPU
		{44AF7A1F-A38B-4FD4-B0C0-8E5F3F302E0F}.Debug|Any CPU.ActiveCfg = Debug|Any CPU
		{44AF7A1F-A38B-4FD4-B0C0-8E5F3F302E0F}.Debug|Any CPU.Build.0 = Debug|Any CPU
		{44AF7A1F-A38B-4FD4-B0C0-8E5F3F302E0F}.Release|Any CPU.ActiveCfg = Release|Any CPU
		{44AF7A1F-A38B-4FD4-B0C0-8E5F3F302E0F}.Release|Any CPU.Build.0 = Release|Any CPU
		{6331B959-3D06-4C51-A493-1CC029F54C1F}.Debug|Any CPU.ActiveCfg = Debug|Any CPU
		{6331B959-3D06-4C51-A493-1CC029F54C1F}.Debug|Any CPU.Build.0 = Debug|Any CPU
		{6331B959-3D06-4C51-A493-1CC029F54C1F}.Release|Any CPU.ActiveCfg = Release|Any CPU
		{6331B959-3D06-4C51-A493-1CC029F54C1F}.Release|Any CPU.Build.0 = Release|Any CPU
		{D3BF6841-827B-406D-819A-92729DE7CE21}.Debug|Any CPU.ActiveCfg = Debug|Any CPU
		{D3BF6841-827B-406D-819A-92729DE7CE21}.Debug|Any CPU.Build.0 = Debug|Any CPU
		{D3BF6841-827B-406D-819A-92729DE7CE21}.Release|Any CPU.ActiveCfg = Release|Any CPU
		{D3BF6841-827B-406D-819A-92729DE7CE21}.Release|Any CPU.Build.0 = Release|Any CPU
		{C3F4461F-5AD7-4DF8-B7E1-1C08BD94B43E}.Debug|Any CPU.ActiveCfg = Debug|Any CPU
		{C3F4461F-5AD7-4DF8-B7E1-1C08BD94B43E}.Debug|Any CPU.Build.0 = Debug|Any CPU
		{C3F4461F-5AD7-4DF8-B7E1-1C08BD94B43E}.Release|Any CPU.ActiveCfg = Release|Any CPU
		{C3F4461F-5AD7-4DF8-B7E1-1C08BD94B43E}.Release|Any CPU.Build.0 = Release|Any CPU
		{4ED64FEE-8ECE-4F0F-8D0B-1FDD0EE6CF98}.Debug|Any CPU.ActiveCfg = Debug|Any CPU
		{4ED64FEE-8ECE-4F0F-8D0B-1FDD0EE6CF98}.Debug|Any CPU.Build.0 = Debug|Any CPU
		{4ED64FEE-8ECE-4F0F-8D0B-1FDD0EE6CF98}.Release|Any CPU.ActiveCfg = Release|Any CPU
		{4ED64FEE-8ECE-4F0F-8D0B-1FDD0EE6CF98}.Release|Any CPU.Build.0 = Release|Any CPU
	EndGlobalSection
	GlobalSection(SolutionProperties) = preSolution
		HideSolutionNode = FALSE
	EndGlobalSection
	GlobalSection(NestedProjects) = preSolution
		{44AF7A1F-A38B-4FD4-B0C0-8E5F3F302E0F} = {AE46983B-18E8-4C07-8857-BE633A29C008}
		{6331B959-3D06-4C51-A493-1CC029F54C1F} = {AE46983B-18E8-4C07-8857-BE633A29C008}
		{D3BF6841-827B-406D-819A-92729DE7CE21} = {9F18884E-9A4F-419F-9AA7-9CE5CCF5DB23}
		{C3F4461F-5AD7-4DF8-B7E1-1C08BD94B43E} = {9F18884E-9A4F-419F-9AA7-9CE5CCF5DB23}
	EndGlobalSection
	GlobalSection(ExtensibilityGlobals) = postSolution
		SolutionGuid = {58612F48-25AB-4AFB-BC86-D87B3D9FA32D}
	EndGlobalSection
EndGlobal
